
Microsoft Visual Studio Solution File, Format Version 12.00
# Visual Studio Version 17
VisualStudioVersion = 17.7.34031.279
MinimumVisualStudioVersion = 10.0.40219.1
Project("{9A19103F-16F7-4668-BE54-9A1E7A4F7556}") = "sales-forms", "sales-forms\sales-forms.csproj", "{34B6FFB4-90FA-4CFF-81EE-9C441CA75001}"
EndProject
Project("{9A19103F-16F7-4668-BE54-9A1E7A4F7556}") = "sales-forms.test", "sales-forms-test\sales-forms.test.csproj", "{60B676F4-37AB-4A2D-8EC6-BDB9F5E23243}"
EndProject
Global
	GlobalSection(SolutionConfigurationPlatforms) = preSolution
		Debug|Any CPU = Debug|Any CPU
		Release|Any CPU = Release|Any CPU
	EndGlobalSection
	GlobalSection(ProjectConfigurationPlatforms) = postSolution
		{34B6FFB4-90FA-4CFF-81EE-9C441CA75001}.Debug|Any CPU.ActiveCfg = Debug|Any CPU
		{34B6FFB4-90FA-4CFF-81EE-9C441CA75001}.Debug|Any CPU.Build.0 = Debug|Any CPU
		{34B6FFB4-90FA-4CFF-81EE-9C441CA75001}.Release|Any CPU.ActiveCfg = Release|Any CPU
		{34B6FFB4-90FA-4CFF-81EE-9C441CA75001}.Release|Any CPU.Build.0 = Release|Any CPU
		{60B676F4-37AB-4A2D-8EC6-BDB9F5E23243}.Debug|Any CPU.ActiveCfg = Debug|Any CPU
		{60B676F4-37AB-4A2D-8EC6-BDB9F5E23243}.Debug|Any CPU.Build.0 = Debug|Any CPU
		{60B676F4-37AB-4A2D-8EC6-BDB9F5E23243}.Release|Any CPU.ActiveCfg = Release|Any CPU
		{60B676F4-37AB-4A2D-8EC6-BDB9F5E23243}.Release|Any CPU.Build.0 = Release|Any CPU
	EndGlobalSection
	GlobalSection(SolutionProperties) = preSolution
		HideSolutionNode = FALSE
	EndGlobalSection
	GlobalSection(ExtensibilityGlobals) = postSolution
		SolutionGuid = {FBC10454-0FD4-4A1B-9B2C-C02BED456E77}
	EndGlobalSection
EndGlobal
